
Microsoft Visual Studio Solution File, Format Version 12.00
# Visual Studio Version 17
VisualStudioVersion = 17.0.32002.185
MinimumVisualStudioVersion = 10.0.40219.1
Project("{FAE04EC0-301F-11D3-BF4B-00C04F79EFBC}") = "ThreeCases", "Fodbold\ThreeCases.csproj", "{1275B44F-293A-4285-B21A-A941513A0B68}"
EndProject
Project("{FAE04EC0-301F-11D3-BF4B-00C04F79EFBC}") = "MyLogicClassLibraryDotNetFramework", "MyLogicClassLibraryDotNetFramework\MyLogicClassLibraryDotNetFramework.csproj", "{1F8447A9-FC33-4479-98C1-7AD04F4D2354}"
EndProject
Global
	GlobalSection(SolutionConfigurationPlatforms) = preSolution
		Debug|Any CPU = Debug|Any CPU
		Release|Any CPU = Release|Any CPU
	EndGlobalSection
	GlobalSection(ProjectConfigurationPlatforms) = postSolution
		{1275B44F-293A-4285-B21A-A941513A0B68}.Debug|Any CPU.ActiveCfg = Debug|Any CPU
		{1275B44F-293A-4285-B21A-A941513A0B68}.Debug|Any CPU.Build.0 = Debug|Any CPU
		{1275B44F-293A-4285-B21A-A941513A0B68}.Release|Any CPU.ActiveCfg = Release|Any CPU
		{1275B44F-293A-4285-B21A-A941513A0B68}.Release|Any CPU.Build.0 = Release|Any CPU
		{1F8447A9-FC33-4479-98C1-7AD04F4D2354}.Debug|Any CPU.ActiveCfg = Debug|Any CPU
		{1F8447A9-FC33-4479-98C1-7AD04F4D2354}.Debug|Any CPU.Build.0 = Debug|Any CPU
		{1F8447A9-FC33-4479-98C1-7AD04F4D2354}.Release|Any CPU.ActiveCfg = Release|Any CPU
		{1F8447A9-FC33-4479-98C1-7AD04F4D2354}.Release|Any CPU.Build.0 = Release|Any CPU
	EndGlobalSection
	GlobalSection(SolutionProperties) = preSolution
		HideSolutionNode = FALSE
	EndGlobalSection
	GlobalSection(ExtensibilityGlobals) = postSolution
		SolutionGuid = {A11689F3-1605-4885-8A94-B66829515C0D}
	EndGlobalSection
EndGlobal
